
Microsoft Visual Studio Solution File, Format Version 12.00
# Visual Studio 14
VisualStudioVersion = 14.0.25123.0
MinimumVisualStudioVersion = 10.0.40219.1
Project("{740F36E0-4FEF-4D76-B5F8-42DF09E65E6C}") = "Sitecore.Support.443745", "Sitecore.Support.443745\Sitecore.Support.443745.csproj", "{00820DF2-10A2-4F8E-AEBB-2530EE06BE12}"
EndProject
Global
	GlobalSection(SolutionConfigurationPlatforms) = preSolution
		Debug|Any CPU = Debug|Any CPU
		Release|Any CPU = Release|Any CPU
	EndGlobalSection
	GlobalSection(ProjectConfigurationPlatforms) = postSolution
		{00820DF2-10A2-4F8E-AEBB-2530EE06BE12}.Debug|Any CPU.ActiveCfg = Debug|Any CPU
		{00820DF2-10A2-4F8E-AEBB-2530EE06BE12}.Debug|Any CPU.Build.0 = Debug|Any CPU
		{00820DF2-10A2-4F8E-AEBB-2530EE06BE12}.Release|Any CPU.ActiveCfg = Release|Any CPU
		{00820DF2-10A2-4F8E-AEBB-2530EE06BE12}.Release|Any CPU.Build.0 = Release|Any CPU
	EndGlobalSection
	GlobalSection(SolutionProperties) = preSolution
		HideSolutionNode = FALSE
	EndGlobalSection
EndGlobal
